// !$*UTF8*$!
{
	archiveVersion = 1;
	classes = {
	};
	objectVersion = 46;
	objects = {

/* Begin PBXBuildFile section */
		307F19A51E5218C100A423A7 /* AppDelegate.swift in Sources */ = {isa = PBXBuildFile; fileRef = 307F19A41E5218C100A423A7 /* AppDelegate.swift */; };
		307F19A71E5218C100A423A7 /* callFlowViewController.swift in Sources */ = {isa = PBXBuildFile; fileRef = 307F19A61E5218C100A423A7 /* callFlowViewController.swift */; };
		307F19AA1E5218C100A423A7 /* Main.storyboard in Resources */ = {isa = PBXBuildFile; fileRef = 307F19A81E5218C100A423A7 /* Main.storyboard */; };
		307F19AC1E5218C100A423A7 /* Assets.xcassets in Resources */ = {isa = PBXBuildFile; fileRef = 307F19AB1E5218C100A423A7 /* Assets.xcassets */; };
		307F19AF1E5218C100A423A7 /* LaunchScreen.storyboard in Resources */ = {isa = PBXBuildFile; fileRef = 307F19AD1E5218C100A423A7 /* LaunchScreen.storyboard */; };
		307F19B71E521C1C00A423A7 /* SIPfunctions.swift in Sources */ = {isa = PBXBuildFile; fileRef = 307F19B61E521C1C00A423A7 /* SIPfunctions.swift */; };
		30E6A2E61E54BC12003D6777 /* TCCode.swift in Sources */ = {isa = PBXBuildFile; fileRef = 30E6A2E51E54BC12003D6777 /* TCCode.swift */; };
		F8CB15DC1E58923200B660A0 /* TopChoiceTableViewController.swift in Sources */ = {isa = PBXBuildFile; fileRef = F8CB15DB1E58923200B660A0 /* TopChoiceTableViewController.swift */; };
		F8CB15DE1E5896D500B660A0 /* NodeData.plist in Resources */ = {isa = PBXBuildFile; fileRef = F8CB15DD1E5896D500B660A0 /* NodeData.plist */; };
		F8E308D21E5905A9001C9949 /* UserAliceViewController.swift in Sources */ = {isa = PBXBuildFile; fileRef = F8E308D11E5905A9001C9949 /* UserAliceViewController.swift */; };
/* End PBXBuildFile section */

/* Begin PBXFileReference section */
		307F19A11E5218C100A423A7 /* ttcnCodeGenerator.app */ = {isa = PBXFileReference; explicitFileType = wrapper.application; includeInIndex = 0; path = ttcnCodeGenerator.app; sourceTree = BUILT_PRODUCTS_DIR; };
		307F19A41E5218C100A423A7 /* AppDelegate.swift */ = {isa = PBXFileReference; lastKnownFileType = sourcecode.swift; path = AppDelegate.swift; sourceTree = "<group>"; };
		307F19A61E5218C100A423A7 /* callFlowViewController.swift */ = {isa = PBXFileReference; lastKnownFileType = sourcecode.swift; path = callFlowViewController.swift; sourceTree = "<group>"; };
		307F19A91E5218C100A423A7 /* Base */ = {isa = PBXFileReference; lastKnownFileType = file.storyboard; name = Base; path = Base.lproj/Main.storyboard; sourceTree = "<group>"; };
		307F19AB1E5218C100A423A7 /* Assets.xcassets */ = {isa = PBXFileReference; lastKnownFileType = folder.assetcatalog; path = Assets.xcassets; sourceTree = "<group>"; };
		307F19AE1E5218C100A423A7 /* Base */ = {isa = PBXFileReference; lastKnownFileType = file.storyboard; name = Base; path = Base.lproj/LaunchScreen.storyboard; sourceTree = "<group>"; };
		307F19B01E5218C100A423A7 /* Info.plist */ = {isa = PBXFileReference; lastKnownFileType = text.plist.xml; path = Info.plist; sourceTree = "<group>"; };
		307F19B61E521C1C00A423A7 /* SIPfunctions.swift */ = {isa = PBXFileReference; fileEncoding = 4; lastKnownFileType = sourcecode.swift; path = SIPfunctions.swift; sourceTree = "<group>"; };
		30E6A2E51E54BC12003D6777 /* TCCode.swift */ = {isa = PBXFileReference; fileEncoding = 4; lastKnownFileType = sourcecode.swift; path = TCCode.swift; sourceTree = "<group>"; };
		F8CB15DB1E58923200B660A0 /* TopChoiceTableViewController.swift */ = {isa = PBXFileReference; fileEncoding = 4; lastKnownFileType = sourcecode.swift; name = TopChoiceTableViewController.swift; path = ../TopChoiceTableViewController.swift; sourceTree = "<group>"; };
		F8CB15DD1E5896D500B660A0 /* NodeData.plist */ = {isa = PBXFileReference; fileEncoding = 4; lastKnownFileType = text.plist.xml; path = NodeData.plist; sourceTree = "<group>"; };
		F8E308D11E5905A9001C9949 /* UserAliceViewController.swift */ = {isa = PBXFileReference; fileEncoding = 4; lastKnownFileType = sourcecode.swift; path = UserAliceViewController.swift; sourceTree = "<group>"; };
/* End PBXFileReference section */

/* Begin PBXFrameworksBuildPhase section */
		307F199E1E5218C100A423A7 /* Frameworks */ = {
			isa = PBXFrameworksBuildPhase;
			buildActionMask = 2147483647;
			files = (
			);
			runOnlyForDeploymentPostprocessing = 0;
		};
/* End PBXFrameworksBuildPhase section */

/* Begin PBXGroup section */
		307F19981E5218C100A423A7 = {
			isa = PBXGroup;
			children = (
				307F19A31E5218C100A423A7 /* ttcnCodeGenerator */,
				307F19A21E5218C100A423A7 /* Products */,
			);
			sourceTree = "<group>";
		};
		307F19A21E5218C100A423A7 /* Products */ = {
			isa = PBXGroup;
			children = (
				307F19A11E5218C100A423A7 /* ttcnCodeGenerator.app */,
			);
			name = Products;
			sourceTree = "<group>";
		};
		307F19A31E5218C100A423A7 /* ttcnCodeGenerator */ = {
			isa = PBXGroup;
			children = (
				307F19A41E5218C100A423A7 /* AppDelegate.swift */,
				307F19A61E5218C100A423A7 /* callFlowViewController.swift */,
				30E6A2E51E54BC12003D6777 /* TCCode.swift */,
				F8CB15DB1E58923200B660A0 /* TopChoiceTableViewController.swift */,
				307F19A81E5218C100A423A7 /* Main.storyboard */,
				F8E308D11E5905A9001C9949 /* UserAliceViewController.swift */,
				307F19B61E521C1C00A423A7 /* SIPfunctions.swift */,
				307F19AB1E5218C100A423A7 /* Assets.xcassets */,
				307F19AD1E5218C100A423A7 /* LaunchScreen.storyboard */,
				307F19B01E5218C100A423A7 /* Info.plist */,
				F8CB15DD1E5896D500B660A0 /* NodeData.plist */,
			);
			path = ttcnCodeGenerator;
			sourceTree = "<group>";
		};
/* End PBXGroup section */

/* Begin PBXNativeTarget section */
		307F19A01E5218C100A423A7 /* ttcnCodeGenerator */ = {
			isa = PBXNativeTarget;
			buildConfigurationList = 307F19B31E5218C100A423A7 /* Build configuration list for PBXNativeTarget "ttcnCodeGenerator" */;
			buildPhases = (
				307F199D1E5218C100A423A7 /* Sources */,
				307F199E1E5218C100A423A7 /* Frameworks */,
				307F199F1E5218C100A423A7 /* Resources */,
			);
			buildRules = (
			);
			dependencies = (
			);
			name = ttcnCodeGenerator;
			productName = ttcnCodeGenerator;
			productReference = 307F19A11E5218C100A423A7 /* ttcnCodeGenerator.app */;
			productType = "com.apple.product-type.application";
		};
/* End PBXNativeTarget section */

/* Begin PBXProject section */
		307F19991E5218C100A423A7 /* Project object */ = {
			isa = PBXProject;
			attributes = {
				LastSwiftUpdateCheck = 0820;
				LastUpgradeCheck = 0820;
				ORGANIZATIONNAME = Sauron;
				TargetAttributes = {
					307F19A01E5218C100A423A7 = {
						CreatedOnToolsVersion = 8.2.1;
						ProvisioningStyle = Automatic;
					};
				};
			};
			buildConfigurationList = 307F199C1E5218C100A423A7 /* Build configuration list for PBXProject "ttcnCodeGenerator" */;
			compatibilityVersion = "Xcode 3.2";
			developmentRegion = English;
			hasScannedForEncodings = 0;
			knownRegions = (
				en,
				Base,
			);
			mainGroup = 307F19981E5218C100A423A7;
			productRefGroup = 307F19A21E5218C100A423A7 /* Products */;
			projectDirPath = "";
			projectRoot = "";
			targets = (
				307F19A01E5218C100A423A7 /* ttcnCodeGenerator */,
			);
		};
/* End PBXProject section */

/* Begin PBXResourcesBuildPhase section */
		307F199F1E5218C100A423A7 /* Resources */ = {
			isa = PBXResourcesBuildPhase;
			buildActionMask = 2147483647;
			files = (
				F8CB15DE1E5896D500B660A0 /* NodeData.plist in Resources */,
				307F19AF1E5218C100A423A7 /* LaunchScreen.storyboard in Resources */,
				307F19AC1E5218C100A423A7 /* Assets.xcassets in Resources */,
				307F19AA1E5218C100A423A7 /* Main.storyboard in Resources */,
			);
			runOnlyForDeploymentPostprocessing = 0;
		};
/* End PBXResourcesBuildPhase section */

/* Begin PBXSourcesBuildPhase section */
		307F199D1E5218C100A423A7 /* Sources */ = {
			isa = PBXSourcesBuildPhase;
			buildActionMask = 2147483647;
			files = (
				307F19A71E5218C100A423A7 /* callFlowViewController.swift in Sources */,
				30E6A2E61E54BC12003D6777 /* TCCode.swift in Sources */,
				F8CB15DC1E58923200B660A0 /* TopChoiceTableViewController.swift in Sources */,
				307F19A51E5218C100A423A7 /* AppDelegate.swift in Sources */,
				F8E308D21E5905A9001C9949 /* UserAliceViewController.swift in Sources */,
				307F19B71E521C1C00A423A7 /* SIPfunctions.swift in Sources */,
			);
			runOnlyForDeploymentPostprocessing = 0;
		};
/* End PBXSourcesBuildPhase section */

/* Begin PBXVariantGroup section */
		307F19A81E5218C100A423A7 /* Main.storyboard */ = {
			isa = PBXVariantGroup;
			children = (
				307F19A91E5218C100A423A7 /* Base */,
			);
			name = Main.storyboard;
			sourceTree = "<group>";
		};
		307F19AD1E5218C100A423A7 /* LaunchScreen.storyboard */ = {
			isa = PBXVariantGroup;
			children = (
				307F19AE1E5218C100A423A7 /* Base */,
			);
			name = LaunchScreen.storyboard;
			sourceTree = "<group>";
		};
/* End PBXVariantGroup section */

/* Begin XCBuildConfiguration section */
		307F19B11E5218C100A423A7 /* Debug */ = {
			isa = XCBuildConfiguration;
			buildSettings = {
				ALWAYS_SEARCH_USER_PATHS = NO;
				CLANG_ANALYZER_NONNULL = YES;
				CLANG_CXX_LANGUAGE_STANDARD = "gnu++0x";
				CLANG_CXX_LIBRARY = "libc++";
				CLANG_ENABLE_MODULES = YES;
				CLANG_ENABLE_OBJC_ARC = YES;
				CLANG_WARN_BOOL_CONVERSION = YES;
				CLANG_WARN_CONSTANT_CONVERSION = YES;
				CLANG_WARN_DIRECT_OBJC_ISA_USAGE = YES_ERROR;
				CLANG_WARN_DOCUMENTATION_COMMENTS = YES;
				CLANG_WARN_EMPTY_BODY = YES;
				CLANG_WARN_ENUM_CONVERSION = YES;
				CLANG_WARN_INFINITE_RECURSION = YES;
				CLANG_WARN_INT_CONVERSION = YES;
				CLANG_WARN_OBJC_ROOT_CLASS = YES_ERROR;
				CLANG_WARN_SUSPICIOUS_MOVE = YES;
				CLANG_WARN_UNREACHABLE_CODE = YES;
				CLANG_WARN__DUPLICATE_METHOD_MATCH = YES;
				"CODE_SIGN_IDENTITY[sdk=iphoneos*]" = "iPhone Developer";
				COPY_PHASE_STRIP = NO;
				DEBUG_INFORMATION_FORMAT = dwarf;
				ENABLE_STRICT_OBJC_MSGSEND = YES;
				ENABLE_TESTABILITY = YES;
				GCC_C_LANGUAGE_STANDARD = gnu99;
				GCC_DYNAMIC_NO_PIC = NO;
				GCC_NO_COMMON_BLOCKS = YES;
				GCC_OPTIMIZATION_LEVEL = 0;
				GCC_PREPROCESSOR_DEFINITIONS = (
					"DEBUG=1",
					"$(inherited)",
				);
				GCC_WARN_64_TO_32_BIT_CONVERSION = YES;
				GCC_WARN_ABOUT_RETURN_TYPE = YES_ERROR;
				GCC_WARN_UNDECLARED_SELECTOR = YES;
				GCC_WARN_UNINITIALIZED_AUTOS = YES_AGGRESSIVE;
				GCC_WARN_UNUSED_FUNCTION = YES;
				GCC_WARN_UNUSED_VARIABLE = YES;
				IPHONEOS_DEPLOYMENT_TARGET = 10.2;
				MTL_ENABLE_DEBUG_INFO = YES;
				ONLY_ACTIVE_ARCH = YES;
				SDKROOT = iphoneos;
				SWIFT_ACTIVE_COMPILATION_CONDITIONS = DEBUG;
				SWIFT_OPTIMIZATION_LEVEL = "-Onone";
				TARGETED_DEVICE_FAMILY = 2;
			};
			name = Debug;
		};
		307F19B21E5218C100A423A7 /* Release */ = {
			isa = XCBuildConfiguration;
			buildSettings = {
				ALWAYS_SEARCH_USER_PATHS = NO;
				CLANG_ANALYZER_NONNULL = YES;
				CLANG_CXX_LANGUAGE_STANDARD = "gnu++0x";
				CLANG_CXX_LIBRARY = "libc++";
				CLANG_ENABLE_MODULES = YES;
				CLANG_ENABLE_OBJC_ARC = YES;
				CLANG_WARN_BOOL_CONVERSION = YES;
				CLANG_WARN_CONSTANT_CONVERSION = YES;
				CLANG_WARN_DIRECT_OBJC_ISA_USAGE = YES_ERROR;
				CLANG_WARN_DOCUMENTATION_COMMENTS = YES;
				CLANG_WARN_EMPTY_BODY = YES;
				CLANG_WARN_ENUM_CONVERSION = YES;
				CLANG_WARN_INFINITE_RECURSION = YES;
				CLANG_WARN_INT_CONVERSION = YES;
				CLANG_WARN_OBJC_ROOT_CLASS = YES_ERROR;
				CLANG_WARN_SUSPICIOUS_MOVE = YES;
				CLANG_WARN_UNREACHABLE_CODE = YES;
				CLANG_WARN__DUPLICATE_METHOD_MATCH = YES;
				"CODE_SIGN_IDENTITY[sdk=iphoneos*]" = "iPhone Developer";
				COPY_PHASE_STRIP = NO;
				DEBUG_INFORMATION_FORMAT = "dwarf-with-dsym";
				ENABLE_NS_ASSERTIONS = NO;
				ENABLE_STRICT_OBJC_MSGSEND = YES;
				GCC_C_LANGUAGE_STANDARD = gnu99;
				GCC_NO_COMMON_BLOCKS = YES;
				GCC_WARN_64_TO_32_BIT_CONVERSION = YES;
				GCC_WARN_ABOUT_RETURN_TYPE = YES_ERROR;
				GCC_WARN_UNDECLARED_SELECTOR = YES;
				GCC_WARN_UNINITIALIZED_AUTOS = YES_AGGRESSIVE;
				GCC_WARN_UNUSED_FUNCTION = YES;
				GCC_WARN_UNUSED_VARIABLE = YES;
				IPHONEOS_DEPLOYMENT_TARGET = 10.2;
				MTL_ENABLE_DEBUG_INFO = NO;
				SDKROOT = iphoneos;
				SWIFT_OPTIMIZATION_LEVEL = "-Owholemodule";
				TARGETED_DEVICE_FAMILY = 2;
				VALIDATE_PRODUCT = YES;
			};
			name = Release;
		};
		307F19B41E5218C100A423A7 /* Debug */ = {
			isa = XCBuildConfiguration;
			buildSettings = {
				ASSETCATALOG_COMPILER_APPICON_NAME = AppIcon;
				INFOPLIST_FILE = ttcnCodeGenerator/Info.plist;
				LD_RUNPATH_SEARCH_PATHS = "$(inherited) @executable_path/Frameworks";
				PRODUCT_BUNDLE_IDENTIFIER = com.chuqnorris.ttcnCodeGenerator;
				PRODUCT_NAME = "$(TARGET_NAME)";
				SWIFT_VERSION = 3.0;
			};
			name = Debug;
		};
		307F19B51E5218C100A423A7 /* Release */ = {
			isa = XCBuildConfiguration;
			buildSettings = {
				ASSETCATALOG_COMPILER_APPICON_NAME = AppIcon;
				INFOPLIST_FILE = ttcnCodeGenerator/Info.plist;
				LD_RUNPATH_SEARCH_PATHS = "$(inherited) @executable_path/Frameworks";
				PRODUCT_BUNDLE_IDENTIFIER = com.chuqnorris.ttcnCodeGenerator;
				PRODUCT_NAME = "$(TARGET_NAME)";
				SWIFT_VERSION = 3.0;
			};
			name = Release;
		};
/* End XCBuildConfiguration section */

/* Begin XCConfigurationList section */
		307F199C1E5218C100A423A7 /* Build configuration list for PBXProject "ttcnCodeGenerator" */ = {
			isa = XCConfigurationList;
			buildConfigurations = (
				307F19B11E5218C100A423A7 /* Debug */,
				307F19B21E5218C100A423A7 /* Release */,
			);
			defaultConfigurationIsVisible = 0;
			defaultConfigurationName = Release;
		};
		307F19B31E5218C100A423A7 /* Build configuration list for PBXNativeTarget "ttcnCodeGenerator" */ = {
			isa = XCConfigurationList;
			buildConfigurations = (
				307F19B41E5218C100A423A7 /* Debug */,
				307F19B51E5218C100A423A7 /* Release */,
			);
			defaultConfigurationIsVisible = 0;
			defaultConfigurationName = Release;
		};
/* End XCConfigurationList section */
	};
	rootObject = 307F19991E5218C100A423A7 /* Project object */;
}
